// !$*UTF8*$!
{
	archiveVersion = 1;
	classes = {
	};
	objectVersion = 50;
	objects = {

/* Begin PBXBuildFile section */
		C802D4162485E151004AC419 /* AppDelegate.swift in Sources */ = {isa = PBXBuildFile; fileRef = C802D4152485E151004AC419 /* AppDelegate.swift */; };
		C802D4182485E151004AC419 /* SceneDelegate.swift in Sources */ = {isa = PBXBuildFile; fileRef = C802D4172485E151004AC419 /* SceneDelegate.swift */; };
		C802D41A2485E151004AC419 /* ContentView.swift in Sources */ = {isa = PBXBuildFile; fileRef = C802D4192485E151004AC419 /* ContentView.swift */; };
		C802D41C2485E152004AC419 /* Assets.xcassets in Resources */ = {isa = PBXBuildFile; fileRef = C802D41B2485E152004AC419 /* Assets.xcassets */; };
		C802D41F2485E152004AC419 /* Preview Assets.xcassets in Resources */ = {isa = PBXBuildFile; fileRef = C802D41E2485E152004AC419 /* Preview Assets.xcassets */; };
		C802D4222485E152004AC419 /* LaunchScreen.storyboard in Resources */ = {isa = PBXBuildFile; fileRef = C802D4202485E152004AC419 /* LaunchScreen.storyboard */; };
/* End PBXBuildFile section */

/* Begin PBXFileReference section */
		C802D4122485E151004AC419 /* Oekaki.app */ = {isa = PBXFileReference; explicitFileType = wrapper.application; includeInIndex = 0; path = Oekaki.app; sourceTree = BUILT_PRODUCTS_DIR; };
		C802D4152485E151004AC419 /* AppDelegate.swift */ = {isa = PBXFileReference; lastKnownFileType = sourcecode.swift; path = AppDelegate.swift; sourceTree = "<group>"; };
		C802D4172485E151004AC419 /* SceneDelegate.swift */ = {isa = PBXFileReference; lastKnownFileType = sourcecode.swift; path = SceneDelegate.swift; sourceTree = "<group>"; };
		C802D4192485E151004AC419 /* ContentView.swift */ = {isa = PBXFileReference; lastKnownFileType = sourcecode.swift; path = ContentView.swift; sourceTree = "<group>"; };
		C802D41B2485E152004AC419 /* Assets.xcassets */ = {isa = PBXFileReference; lastKnownFileType = folder.assetcatalog; path = Assets.xcassets; sourceTree = "<group>"; };
		C802D41E2485E152004AC419 /* Preview Assets.xcassets */ = {isa = PBXFileReference; lastKnownFileType = folder.assetcatalog; path = "Preview Assets.xcassets"; sourceTree = "<group>"; };
		C802D4212485E152004AC419 /* Base */ = {isa = PBXFileReference; lastKnownFileType = file.storyboard; name = Base; path = Base.lproj/LaunchScreen.storyboard; sourceTree = "<group>"; };
		C802D4232485E152004AC419 /* Info.plist */ = {isa = PBXFileReference; lastKnownFileType = text.plist.xml; path = Info.plist; sourceTree = "<group>"; };
/* End PBXFileReference section */

/* Begin PBXFrameworksBuildPhase section */
		C802D40F2485E151004AC419 /* Frameworks */ = {
			isa = PBXFrameworksBuildPhase;
			buildActionMask = 2147483647;
			files = (
			);
			runOnlyForDeploymentPostprocessing = 0;
		};
/* End PBXFrameworksBuildPhase section */

/* Begin PBXGroup section */
		C802D4092485E151004AC419 = {
			isa = PBXGroup;
			children = (
				C802D4142485E151004AC419 /* Oekaki */,
				C802D4132485E151004AC419 /* Products */,
			);
			sourceTree = "<group>";
		};
		C802D4132485E151004AC419 /* Products */ = {
			isa = PBXGroup;
			children = (
				C802D4122485E151004AC419 /* Oekaki.app */,
			);
			name = Products;
			sourceTree = "<group>";
		};
		C802D4142485E151004AC419 /* Oekaki */ = {
			isa = PBXGroup;
			children = (
				C802D4152485E151004AC419 /* AppDelegate.swift */,
				C802D4172485E151004AC419 /* SceneDelegate.swift */,
				C802D4192485E151004AC419 /* ContentView.swift */,
				C802D41B2485E152004AC419 /* Assets.xcassets */,
				C802D4202485E152004AC419 /* LaunchScreen.storyboard */,
				C802D4232485E152004AC419 /* Info.plist */,
				C802D41D2485E152004AC419 /* Preview Content */,
			);
			path = Oekaki;
			sourceTree = "<group>";
		};
		C802D41D2485E152004AC419 /* Preview Content */ = {
			isa = PBXGroup;
			children = (
				C802D41E2485E152004AC419 /* Preview Assets.xcassets */,
			);
			path = "Preview Content";
			sourceTree = "<group>";
		};
/* End PBXGroup section */

/* Begin PBXNativeTarget section */
		C802D4112485E151004AC419 /* Oekaki */ = {
			isa = PBXNativeTarget;
			buildConfigurationList = C802D4262485E152004AC419 /* Build configuration list for PBXNativeTarget "Oekaki" */;
			buildPhases = (
				C802D40E2485E151004AC419 /* Sources */,
				C802D40F2485E151004AC419 /* Frameworks */,
				C802D4102485E151004AC419 /* Resources */,
			);
			buildRules = (
			);
			dependencies = (
			);
			name = Oekaki;
			productName = Oekaki;
			productReference = C802D4122485E151004AC419 /* Oekaki.app */;
			productType = "com.apple.product-type.application";
		};
/* End PBXNativeTarget section */

/* Begin PBXProject section */
		C802D40A2485E151004AC419 /* Project object */ = {
			isa = PBXProject;
			attributes = {
				LastSwiftUpdateCheck = 1150;
				LastUpgradeCheck = 1150;
				ORGANIZATIONNAME = "田路達弥";
				TargetAttributes = {
					C802D4112485E151004AC419 = {
						CreatedOnToolsVersion = 11.5;
					};
				};
			};
			buildConfigurationList = C802D40D2485E151004AC419 /* Build configuration list for PBXProject "Oekaki" */;
			compatibilityVersion = "Xcode 9.3";
			developmentRegion = en;
			hasScannedForEncodings = 0;
			knownRegions = (
				en,
				Base,
			);
			mainGroup = C802D4092485E151004AC419;
			productRefGroup = C802D4132485E151004AC419 /* Products */;
			projectDirPath = "";
			projectRoot = "";
			targets = (
				C802D4112485E151004AC419 /* Oekaki */,
			);
		};
/* End PBXProject section */

/* Begin PBXResourcesBuildPhase section */
		C802D4102485E151004AC419 /* Resources */ = {
			isa = PBXResourcesBuildPhase;
			buildActionMask = 2147483647;
			files = (
				C802D4222485E152004AC419 /* LaunchScreen.storyboard in Resources */,
				C802D41F2485E152004AC419 /* Preview Assets.xcassets in Resources */,
				C802D41C2485E152004AC419 /* Assets.xcassets in Resources */,
			);
			runOnlyForDeploymentPostprocessing = 0;
		};
/* End PBXResourcesBuildPhase section */

/* Begin PBXSourcesBuildPhase section */
		C802D40E2485E151004AC419 /* Sources */ = {
			isa = PBXSourcesBuildPhase;
			buildActionMask = 2147483647;
			files = (
				C802D4162485E151004AC419 /* AppDelegate.swift in Sources */,
				C802D4182485E151004AC419 /* SceneDelegate.swift in Sources */,
				C802D41A2485E151004AC419 /* ContentView.swift in Sources */,
			);
			runOnlyForDeploymentPostprocessing = 0;
		};
/* End PBXSourcesBuildPhase section */

/* Begin PBXVariantGroup section */
		C802D4202485E152004AC419 /* LaunchScreen.storyboard */ = {
			isa = PBXVariantGroup;
			children = (
				C802D4212485E152004AC419 /* Base */,
			);
			name = LaunchScreen.storyboard;
			sourceTree = "<group>";
		};
/* End PBXVariantGroup section */

/* Begin XCBuildConfiguration section */
		C802D4242485E152004AC419 /* Debug */ = {
			isa = XCBuildConfiguration;
			buildSettings = {
				ALWAYS_SEARCH_USER_PATHS = NO;
				CLANG_ANALYZER_NONNULL = YES;
				CLANG_ANALYZER_NUMBER_OBJECT_CONVERSION = YES_AGGRESSIVE;
				CLANG_CXX_LANGUAGE_STANDARD = "gnu++14";
				CLANG_CXX_LIBRARY = "libc++";
				CLANG_ENABLE_MODULES = YES;
				CLANG_ENABLE_OBJC_ARC = YES;
				CLANG_ENABLE_OBJC_WEAK = YES;
				CLANG_WARN_BLOCK_CAPTURE_AUTORELEASING = YES;
				CLANG_WARN_BOOL_CONVERSION = YES;
				CLANG_WARN_COMMA = YES;
				CLANG_WARN_CONSTANT_CONVERSION = YES;
				CLANG_WARN_DEPRECATED_OBJC_IMPLEMENTATIONS = YES;
				CLANG_WARN_DIRECT_OBJC_ISA_USAGE = YES_ERROR;
				CLANG_WARN_DOCUMENTATION_COMMENTS = YES;
				CLANG_WARN_EMPTY_BODY = YES;
				CLANG_WARN_ENUM_CONVERSION = YES;
				CLANG_WARN_INFINITE_RECURSION = YES;
				CLANG_WARN_INT_CONVERSION = YES;
				CLANG_WARN_NON_LITERAL_NULL_CONVERSION = YES;
				CLANG_WARN_OBJC_IMPLICIT_RETAIN_SELF = YES;
				CLANG_WARN_OBJC_LITERAL_CONVERSION = YES;
				CLANG_WARN_OBJC_ROOT_CLASS = YES_ERROR;
				CLANG_WARN_RANGE_LOOP_ANALYSIS = YES;
				CLANG_WARN_STRICT_PROTOTYPES = YES;
				CLANG_WARN_SUSPICIOUS_MOVE = YES;
				CLANG_WARN_UNGUARDED_AVAILABILITY = YES_AGGRESSIVE;
				CLANG_WARN_UNREACHABLE_CODE = YES;
				CLANG_WARN__DUPLICATE_METHOD_MATCH = YES;
				COPY_PHASE_STRIP = NO;
				DEBUG_INFORMATION_FORMAT = dwarf;
				ENABLE_STRICT_OBJC_MSGSEND = YES;
				ENABLE_TESTABILITY = YES;
				GCC_C_LANGUAGE_STANDARD = gnu11;
				GCC_DYNAMIC_NO_PIC = NO;
				GCC_NO_COMMON_BLOCKS = YES;
				GCC_OPTIMIZATION_LEVEL = 0;
				GCC_PREPROCESSOR_DEFINITIONS = (
					"DEBUG=1",
					"$(inherited)",
				);
				GCC_WARN_64_TO_32_BIT_CONVERSION = YES;
				GCC_WARN_ABOUT_RETURN_TYPE = YES_ERROR;
				GCC_WARN_UNDECLARED_SELECTOR = YES;
				GCC_WARN_UNINITIALIZED_AUTOS = YES_AGGRESSIVE;
				GCC_WARN_UNUSED_FUNCTION = YES;
				GCC_WARN_UNUSED_VARIABLE = YES;
				IPHONEOS_DEPLOYMENT_TARGET = 13.5;
				MTL_ENABLE_DEBUG_INFO = INCLUDE_SOURCE;
				MTL_FAST_MATH = YES;
				ONLY_ACTIVE_ARCH = YES;
				SDKROOT = iphoneos;
				SWIFT_ACTIVE_COMPILATION_CONDITIONS = DEBUG;
				SWIFT_OPTIMIZATION_LEVEL = "-Onone";
			};
			name = Debug;
		};
		C802D4252485E152004AC419 /* Release */ = {
			isa = XCBuildConfiguration;
			buildSettings = {
				ALWAYS_SEARCH_USER_PATHS = NO;
				CLANG_ANALYZER_NONNULL = YES;
				CLANG_ANALYZER_NUMBER_OBJECT_CONVERSION = YES_AGGRESSIVE;
				CLANG_CXX_LANGUAGE_STANDARD = "gnu++14";
				CLANG_CXX_LIBRARY = "libc++";
				CLANG_ENABLE_MODULES = YES;
				CLANG_ENABLE_OBJC_ARC = YES;
				CLANG_ENABLE_OBJC_WEAK = YES;
				CLANG_WARN_BLOCK_CAPTURE_AUTORELEASING = YES;
				CLANG_WARN_BOOL_CONVERSION = YES;
				CLANG_WARN_COMMA = YES;
				CLANG_WARN_CONSTANT_CONVERSION = YES;
				CLANG_WARN_DEPRECATED_OBJC_IMPLEMENTATIONS = YES;
				CLANG_WARN_DIRECT_OBJC_ISA_USAGE = YES_ERROR;
				CLANG_WARN_DOCUMENTATION_COMMENTS = YES;
				CLANG_WARN_EMPTY_BODY = YES;
				CLANG_WARN_ENUM_CONVERSION = YES;
				CLANG_WARN_INFINITE_RECURSION = YES;
				CLANG_WARN_INT_CONVERSION = YES;
				CLANG_WARN_NON_LITERAL_NULL_CONVERSION = YES;
				CLANG_WARN_OBJC_IMPLICIT_RETAIN_SELF = YES;
				CLANG_WARN_OBJC_LITERAL_CONVERSION = YES;
				CLANG_WARN_OBJC_ROOT_CLASS = YES_ERROR;
				CLANG_WARN_RANGE_LOOP_ANALYSIS = YES;
				CLANG_WARN_STRICT_PROTOTYPES = YES;
				CLANG_WARN_SUSPICIOUS_MOVE = YES;
				CLANG_WARN_UNGUARDED_AVAILABILITY = YES_AGGRESSIVE;
				CLANG_WARN_UNREACHABLE_CODE = YES;
				CLANG_WARN__DUPLICATE_METHOD_MATCH = YES;
				COPY_PHASE_STRIP = NO;
				DEBUG_INFORMATION_FORMAT = "dwarf-with-dsym";
				ENABLE_NS_ASSERTIONS = NO;
				ENABLE_STRICT_OBJC_MSGSEND = YES;
				GCC_C_LANGUAGE_STANDARD = gnu11;
				GCC_NO_COMMON_BLOCKS = YES;
				GCC_WARN_64_TO_32_BIT_CONVERSION = YES;
				GCC_WARN_ABOUT_RETURN_TYPE = YES_ERROR;
				GCC_WARN_UNDECLARED_SELECTOR = YES;
				GCC_WARN_UNINITIALIZED_AUTOS = YES_AGGRESSIVE;
				GCC_WARN_UNUSED_FUNCTION = YES;
				GCC_WARN_UNUSED_VARIABLE = YES;
				IPHONEOS_DEPLOYMENT_TARGET = 13.5;
				MTL_ENABLE_DEBUG_INFO = NO;
				MTL_FAST_MATH = YES;
				SDKROOT = iphoneos;
				SWIFT_COMPILATION_MODE = wholemodule;
				SWIFT_OPTIMIZATION_LEVEL = "-O";
				VALIDATE_PRODUCT = YES;
			};
			name = Release;
		};
		C802D4272485E152004AC419 /* Debug */ = {
			isa = XCBuildConfiguration;
			buildSettings = {
				ASSETCATALOG_COMPILER_APPICON_NAME = AppIcon;
				CODE_SIGN_STYLE = Automatic;
				DEVELOPMENT_ASSET_PATHS = "\"Oekaki/Preview Content\"";
				DEVELOPMENT_TEAM = 8948LS762K;
				ENABLE_PREVIEWS = YES;
				INFOPLIST_FILE = Oekaki/Info.plist;
				LD_RUNPATH_SEARCH_PATHS = (
					"$(inherited)",
					"@executable_path/Frameworks",
				);
				PRODUCT_BUNDLE_IDENTIFIER = "jp.ne.ezweb-tamasabu-tekuteku104.Oekaki";
				PRODUCT_NAME = "$(TARGET_NAME)";
				SWIFT_VERSION = 5.0;
				TARGETED_DEVICE_FAMILY = "1,2";
			};
			name = Debug;
		};
		C802D4282485E152004AC419 /* Release */ = {
			isa = XCBuildConfiguration;
			buildSettings = {
				ASSETCATALOG_COMPILER_APPICON_NAME = AppIcon;
				CODE_SIGN_STYLE = Automatic;
				DEVELOPMENT_ASSET_PATHS = "\"Oekaki/Preview Content\"";
				DEVELOPMENT_TEAM = 8948LS762K;
				ENABLE_PREVIEWS = YES;
				INFOPLIST_FILE = Oekaki/Info.plist;
				LD_RUNPATH_SEARCH_PATHS = (
					"$(inherited)",
					"@executable_path/Frameworks",
				);
				PRODUCT_BUNDLE_IDENTIFIER = "jp.ne.ezweb-tamasabu-tekuteku104.Oekaki";
				PRODUCT_NAME = "$(TARGET_NAME)";
				SWIFT_VERSION = 5.0;
				TARGETED_DEVICE_FAMILY = "1,2";
			};
			name = Release;
		};
/* End XCBuildConfiguration section */

/* Begin XCConfigurationList section */
		C802D40D2485E151004AC419 /* Build configuration list for PBXProject "Oekaki" */ = {
			isa = XCConfigurationList;
			buildConfigurations = (
				C802D4242485E152004AC419 /* Debug */,
				C802D4252485E152004AC419 /* Release */,
			);
			defaultConfigurationIsVisible = 0;
			defaultConfigurationName = Release;
		};
		C802D4262485E152004AC419 /* Build configuration list for PBXNativeTarget "Oekaki" */ = {
			isa = XCConfigurationList;
			buildConfigurations = (
				C802D4272485E152004AC419 /* Debug */,
				C802D4282485E152004AC419 /* Release */,
			);
			defaultConfigurationIsVisible = 0;
			defaultConfigurationName = Release;
		};
/* End XCConfigurationList section */
	};
	rootObject = C802D40A2485E151004AC419 /* Project object */;
}
